
Microsoft Visual Studio Solution File, Format Version 12.00
# Visual Studio 15
VisualStudioVersion = 15.0.28307.1000
MinimumVisualStudioVersion = 10.0.40219.1
Project("{FAE04EC0-301F-11D3-BF4B-00C04F79EFBC}") = "WindowsFormsApp1", "WindowsFormsApp1\WindowsFormsApp1.csproj", "{8910D473-6B95-4641-89B5-B0458EE3C3B5}"
EndProject
Global
	GlobalSection(SolutionConfigurationPlatforms) = preSolution
		Debug|Any CPU = Debug|Any CPU
		Release|Any CPU = Release|Any CPU
	EndGlobalSection
	GlobalSection(ProjectConfigurationPlatforms) = postSolution
		{8910D473-6B95-4641-89B5-B0458EE3C3B5}.Debug|Any CPU.ActiveCfg = Debug|Any CPU
		{8910D473-6B95-4641-89B5-B0458EE3C3B5}.Debug|Any CPU.Build.0 = Debug|Any CPU
		{8910D473-6B95-4641-89B5-B0458EE3C3B5}.Release|Any CPU.ActiveCfg = Release|Any CPU
		{8910D473-6B95-4641-89B5-B0458EE3C3B5}.Release|Any CPU.Build.0 = Release|Any CPU
	EndGlobalSection
	GlobalSection(SolutionProperties) = preSolution
		HideSolutionNode = FALSE
	EndGlobalSection
	GlobalSection(ExtensibilityGlobals) = postSolution
		SolutionGuid = {EDDF56C5-24C7-41E3-A7B1-1090647077F5}
	EndGlobalSection
EndGlobal
